
Microsoft Visual Studio Solution File, Format Version 12.00
# Visual Studio Version 16
VisualStudioVersion = 16.0.30330.147
MinimumVisualStudioVersion = 10.0.40219.1
Project("{FAE04EC0-301F-11D3-BF4B-00C04F79EFBC}") = "Task 1", "Task 1\Task 1.csproj", "{CE130A67-AFBC-4AA2-8172-6EC8B5ECF4D9}"
EndProject
Project("{FAE04EC0-301F-11D3-BF4B-00C04F79EFBC}") = "Task 2", "Task 2\Task 2.csproj", "{F8CCCA29-2F96-416B-9429-EBAB4C107E6E}"
EndProject
Project("{FAE04EC0-301F-11D3-BF4B-00C04F79EFBC}") = "Task 3", "Task 3\Task 3.csproj", "{44F21941-E579-4410-8156-D143E424BBF2}"
EndProject
Project("{FAE04EC0-301F-11D3-BF4B-00C04F79EFBC}") = "Task 2.1", "Task 2.1\Task 2.1.csproj", "{1FD7629A-3DB9-40EB-B411-FCF972FF8C04}"
EndProject
Project("{FAE04EC0-301F-11D3-BF4B-00C04F79EFBC}") = "Task 2.2", "Task 2.2\Task 2.2.csproj", "{DAF41D3C-DD88-4ED6-A69A-9EBD2C883E0E}"
EndProject
Project("{FAE04EC0-301F-11D3-BF4B-00C04F79EFBC}") = "Task 2.3", "Task 2.3\Task 2.3.csproj", "{041AF25B-D36A-41E4-B958-B7FC50EFFB78}"
EndProject
Project("{FAE04EC0-301F-11D3-BF4B-00C04F79EFBC}") = "Task 2.4", "Task 2.4\Task 2.4.csproj", "{BFF07D8D-C8DE-4EEF-9B4C-B5A1F2059B23}"
EndProject
Project("{FAE04EC0-301F-11D3-BF4B-00C04F79EFBC}") = "Task 2.5", "Task 2.5\Task 2.5.csproj", "{44AB3E6D-BA1A-47DD-8CDB-E8D0768DFA85}"
EndProject
Project("{FAE04EC0-301F-11D3-BF4B-00C04F79EFBC}") = "Task 3.1", "Task 3.1\Task 3.1.csproj", "{B0286EBC-26E7-49E0-BF12-758B13EA6918}"
EndProject
Project("{FAE04EC0-301F-11D3-BF4B-00C04F79EFBC}") = "Task 3.2", "Task 3.2\Task 3.2.csproj", "{3493C744-16EF-425A-A0CC-D0FE7021B7A7}"
EndProject
Project("{FAE04EC0-301F-11D3-BF4B-00C04F79EFBC}") = "Task 3.3", "Task 3.3\Task 3.3.csproj", "{99DE05AE-2651-4C53-B358-F74B9CFC34A3}"
EndProject
Project("{FAE04EC0-301F-11D3-BF4B-00C04F79EFBC}") = "Task 4.1", "Task 4.1\Task 4.1.csproj", "{1AFED224-C58D-4D76-898D-405E8431E644}"
EndProject
Global
	GlobalSection(SolutionConfigurationPlatforms) = preSolution
		Debug|Any CPU = Debug|Any CPU
		Release|Any CPU = Release|Any CPU
	EndGlobalSection
	GlobalSection(ProjectConfigurationPlatforms) = postSolution
		{CE130A67-AFBC-4AA2-8172-6EC8B5ECF4D9}.Debug|Any CPU.ActiveCfg = Debug|Any CPU
		{CE130A67-AFBC-4AA2-8172-6EC8B5ECF4D9}.Debug|Any CPU.Build.0 = Debug|Any CPU
		{CE130A67-AFBC-4AA2-8172-6EC8B5ECF4D9}.Release|Any CPU.ActiveCfg = Release|Any CPU
		{CE130A67-AFBC-4AA2-8172-6EC8B5ECF4D9}.Release|Any CPU.Build.0 = Release|Any CPU
		{F8CCCA29-2F96-416B-9429-EBAB4C107E6E}.Debug|Any CPU.ActiveCfg = Debug|Any CPU
		{F8CCCA29-2F96-416B-9429-EBAB4C107E6E}.Debug|Any CPU.Build.0 = Debug|Any CPU
		{F8CCCA29-2F96-416B-9429-EBAB4C107E6E}.Release|Any CPU.ActiveCfg = Release|Any CPU
		{F8CCCA29-2F96-416B-9429-EBAB4C107E6E}.Release|Any CPU.Build.0 = Release|Any CPU
		{44F21941-E579-4410-8156-D143E424BBF2}.Debug|Any CPU.ActiveCfg = Debug|Any CPU
		{44F21941-E579-4410-8156-D143E424BBF2}.Debug|Any CPU.Build.0 = Debug|Any CPU
		{44F21941-E579-4410-8156-D143E424BBF2}.Release|Any CPU.ActiveCfg = Release|Any CPU
		{44F21941-E579-4410-8156-D143E424BBF2}.Release|Any CPU.Build.0 = Release|Any CPU
		{1FD7629A-3DB9-40EB-B411-FCF972FF8C04}.Debug|Any CPU.ActiveCfg = Debug|Any CPU
		{1FD7629A-3DB9-40EB-B411-FCF972FF8C04}.Debug|Any CPU.Build.0 = Debug|Any CPU
		{1FD7629A-3DB9-40EB-B411-FCF972FF8C04}.Release|Any CPU.ActiveCfg = Release|Any CPU
		{1FD7629A-3DB9-40EB-B411-FCF972FF8C04}.Release|Any CPU.Build.0 = Release|Any CPU
		{DAF41D3C-DD88-4ED6-A69A-9EBD2C883E0E}.Debug|Any CPU.ActiveCfg = Debug|Any CPU
		{DAF41D3C-DD88-4ED6-A69A-9EBD2C883E0E}.Debug|Any CPU.Build.0 = Debug|Any CPU
		{DAF41D3C-DD88-4ED6-A69A-9EBD2C883E0E}.Release|Any CPU.ActiveCfg = Release|Any CPU
		{DAF41D3C-DD88-4ED6-A69A-9EBD2C883E0E}.Release|Any CPU.Build.0 = Release|Any CPU
		{041AF25B-D36A-41E4-B958-B7FC50EFFB78}.Debug|Any CPU.ActiveCfg = Debug|Any CPU
		{041AF25B-D36A-41E4-B958-B7FC50EFFB78}.Debug|Any CPU.Build.0 = Debug|Any CPU
		{041AF25B-D36A-41E4-B958-B7FC50EFFB78}.Release|Any CPU.ActiveCfg = Release|Any CPU
		{041AF25B-D36A-41E4-B958-B7FC50EFFB78}.Release|Any CPU.Build.0 = Release|Any CPU
		{BFF07D8D-C8DE-4EEF-9B4C-B5A1F2059B23}.Debug|Any CPU.ActiveCfg = Debug|Any CPU
		{BFF07D8D-C8DE-4EEF-9B4C-B5A1F2059B23}.Debug|Any CPU.Build.0 = Debug|Any CPU
		{BFF07D8D-C8DE-4EEF-9B4C-B5A1F2059B23}.Release|Any CPU.ActiveCfg = Release|Any CPU
		{BFF07D8D-C8DE-4EEF-9B4C-B5A1F2059B23}.Release|Any CPU.Build.0 = Release|Any CPU
		{44AB3E6D-BA1A-47DD-8CDB-E8D0768DFA85}.Debug|Any CPU.ActiveCfg = Debug|Any CPU
		{44AB3E6D-BA1A-47DD-8CDB-E8D0768DFA85}.Debug|Any CPU.Build.0 = Debug|Any CPU
		{44AB3E6D-BA1A-47DD-8CDB-E8D0768DFA85}.Release|Any CPU.ActiveCfg = Release|Any CPU
		{44AB3E6D-BA1A-47DD-8CDB-E8D0768DFA85}.Release|Any CPU.Build.0 = Release|Any CPU
		{B0286EBC-26E7-49E0-BF12-758B13EA6918}.Debug|Any CPU.ActiveCfg = Debug|Any CPU
		{B0286EBC-26E7-49E0-BF12-758B13EA6918}.Debug|Any CPU.Build.0 = Debug|Any CPU
		{B0286EBC-26E7-49E0-BF12-758B13EA6918}.Release|Any CPU.ActiveCfg = Release|Any CPU
		{B0286EBC-26E7-49E0-BF12-758B13EA6918}.Release|Any CPU.Build.0 = Release|Any CPU
		{3493C744-16EF-425A-A0CC-D0FE7021B7A7}.Debug|Any CPU.ActiveCfg = Debug|Any CPU
		{3493C744-16EF-425A-A0CC-D0FE7021B7A7}.Debug|Any CPU.Build.0 = Debug|Any CPU
		{3493C744-16EF-425A-A0CC-D0FE7021B7A7}.Release|Any CPU.ActiveCfg = Release|Any CPU
		{3493C744-16EF-425A-A0CC-D0FE7021B7A7}.Release|Any CPU.Build.0 = Release|Any CPU
		{99DE05AE-2651-4C53-B358-F74B9CFC34A3}.Debug|Any CPU.ActiveCfg = Debug|Any CPU
		{99DE05AE-2651-4C53-B358-F74B9CFC34A3}.Debug|Any CPU.Build.0 = Debug|Any CPU
		{99DE05AE-2651-4C53-B358-F74B9CFC34A3}.Release|Any CPU.ActiveCfg = Release|Any CPU
		{99DE05AE-2651-4C53-B358-F74B9CFC34A3}.Release|Any CPU.Build.0 = Release|Any CPU
		{1AFED224-C58D-4D76-898D-405E8431E644}.Debug|Any CPU.ActiveCfg = Debug|Any CPU
		{1AFED224-C58D-4D76-898D-405E8431E644}.Debug|Any CPU.Build.0 = Debug|Any CPU
		{1AFED224-C58D-4D76-898D-405E8431E644}.Release|Any CPU.ActiveCfg = Release|Any CPU
		{1AFED224-C58D-4D76-898D-405E8431E644}.Release|Any CPU.Build.0 = Release|Any CPU
	EndGlobalSection
	GlobalSection(SolutionProperties) = preSolution
		HideSolutionNode = FALSE
	EndGlobalSection
	GlobalSection(ExtensibilityGlobals) = postSolution
		SolutionGuid = {419CD71F-E9B7-4A64-87C4-6A149251771C}
	EndGlobalSection
EndGlobal
